# THIS IS AN AUTOGENERATED FILE. DO NOT EDIT THIS FILE DIRECTLY.
# yarn lockfile v1


"@esbuild/aix-ppc64@0.25.11":
  version "0.25.11"
  resolved "https://registry.yarnpkg.com/@esbuild/aix-ppc64/-/aix-ppc64-0.25.11.tgz#2ae33300598132cc4cf580dbbb28d30fed3c5c49"
  integrity sha512-Xt1dOL13m8u0WE8iplx9Ibbm+hFAO0GsU2P34UNoDGvZYkY8ifSiy6Zuc1lYxfG7svWE2fzqCUmFp5HCn51gJg==

"@esbuild/android-arm64@0.25.11":
  version "0.25.11"
  resolved "https://registry.yarnpkg.com/@esbuild/android-arm64/-/android-arm64-0.25.11.tgz#927708b3db5d739d6cb7709136924cc81bec9b03"
  integrity sha512-9slpyFBc4FPPz48+f6jyiXOx/Y4v34TUeDDXJpZqAWQn/08lKGeD8aDp9TMn9jDz2CiEuHwfhRmGBvpnd/PWIQ==

"@esbuild/android-arm@0.25.11":
  version "0.25.11"
  resolved "https://registry.yarnpkg.com/@esbuild/android-arm/-/android-arm-0.25.11.tgz#571f94e7f4068957ec4c2cfb907deae3d01b55ae"
  integrity sha512-uoa7dU+Dt3HYsethkJ1k6Z9YdcHjTrSb5NUy66ZfZaSV8hEYGD5ZHbEMXnqLFlbBflLsl89Zke7CAdDJ4JI+Gg==

"@esbuild/android-x64@0.25.11":
  version "0.25.11"
  resolved "https://registry.yarnpkg.com/@esbuild/android-x64/-/android-x64-0.25.11.tgz#8a3bf5cae6c560c7ececa3150b2bde76e0fb81e6"
  integrity sha512-Sgiab4xBjPU1QoPEIqS3Xx+R2lezu0LKIEcYe6pftr56PqPygbB7+szVnzoShbx64MUupqoE0KyRlN7gezbl8g==

"@esbuild/darwin-arm64@0.25.11":
  version "0.25.11"
  resolved "https://registry.yarnpkg.com/@esbuild/darwin-arm64/-/darwin-arm64-0.25.11.tgz#0a678c4ac4bf8717e67481e1a797e6c152f93c84"
  integrity sha512-VekY0PBCukppoQrycFxUqkCojnTQhdec0vevUL/EDOCnXd9LKWqD/bHwMPzigIJXPhC59Vd1WFIL57SKs2mg4w==

"@esbuild/darwin-x64@0.25.11":
  version "0.25.11"
  resolved "https://registry.yarnpkg.com/@esbuild/darwin-x64/-/darwin-x64-0.25.11.tgz#70f5e925a30c8309f1294d407a5e5e002e0315fe"
  integrity sha512-+hfp3yfBalNEpTGp9loYgbknjR695HkqtY3d3/JjSRUyPg/xd6q+mQqIb5qdywnDxRZykIHs3axEqU6l1+oWEQ==

"@esbuild/freebsd-arm64@0.25.11":
  version "0.25.11"
  resolved "https://registry.yarnpkg.com/@esbuild/freebsd-arm64/-/freebsd-arm64-0.25.11.tgz#4ec1db687c5b2b78b44148025da9632397553e8a"
  integrity sha512-CmKjrnayyTJF2eVuO//uSjl/K3KsMIeYeyN7FyDBjsR3lnSJHaXlVoAK8DZa7lXWChbuOk7NjAc7ygAwrnPBhA==

"@esbuild/freebsd-x64@0.25.11":
  version "0.25.11"
  resolved "https://registry.yarnpkg.com/@esbuild/freebsd-x64/-/freebsd-x64-0.25.11.tgz#4c81abd1b142f1e9acfef8c5153d438ca53f44bb"
  integrity sha512-Dyq+5oscTJvMaYPvW3x3FLpi2+gSZTCE/1ffdwuM6G1ARang/mb3jvjxs0mw6n3Lsw84ocfo9CrNMqc5lTfGOw==

"@esbuild/linux-arm64@0.25.11":
  version "0.25.11"
  resolved "https://registry.yarnpkg.com/@esbuild/linux-arm64/-/linux-arm64-0.25.11.tgz#69517a111acfc2b93aa0fb5eaeb834c0202ccda5"
  integrity sha512-Qr8AzcplUhGvdyUF08A1kHU3Vr2O88xxP0Tm8GcdVOUm25XYcMPp2YqSVHbLuXzYQMf9Bh/iKx7YPqECs6ffLA==

"@esbuild/linux-arm@0.25.11":
  version "0.25.11"
  resolved "https://registry.yarnpkg.com/@esbuild/linux-arm/-/linux-arm-0.25.11.tgz#58dac26eae2dba0fac5405052b9002dac088d38f"
  integrity sha512-TBMv6B4kCfrGJ8cUPo7vd6NECZH/8hPpBHHlYI3qzoYFvWu2AdTvZNuU/7hsbKWqu/COU7NIK12dHAAqBLLXgw==

"@esbuild/linux-ia32@0.25.11":
  version "0.25.11"
  resolved "https://registry.yarnpkg.com/@esbuild/linux-ia32/-/linux-ia32-0.25.11.tgz#b89d4efe9bdad46ba944f0f3b8ddd40834268c2b"
  integrity sha512-TmnJg8BMGPehs5JKrCLqyWTVAvielc615jbkOirATQvWWB1NMXY77oLMzsUjRLa0+ngecEmDGqt5jiDC6bfvOw==

"@esbuild/linux-loong64@0.25.11":
  version "0.25.11"
  resolved "https://registry.yarnpkg.com/@esbuild/linux-loong64/-/linux-loong64-0.25.11.tgz#11f603cb60ad14392c3f5c94d64b3cc8b630fbeb"
  integrity sha512-DIGXL2+gvDaXlaq8xruNXUJdT5tF+SBbJQKbWy/0J7OhU8gOHOzKmGIlfTTl6nHaCOoipxQbuJi7O++ldrxgMw==

"@esbuild/linux-mips64el@0.25.11":
  version "0.25.11"
  resolved "https://registry.yarnpkg.com/@esbuild/linux-mips64el/-/linux-mips64el-0.25.11.tgz#b7d447ff0676b8ab247d69dac40a5cf08e5eeaf5"
  integrity sha512-Osx1nALUJu4pU43o9OyjSCXokFkFbyzjXb6VhGIJZQ5JZi8ylCQ9/LFagolPsHtgw6himDSyb5ETSfmp4rpiKQ==

"@esbuild/linux-ppc64@0.25.11":
  version "0.25.11"
  resolved "https://registry.yarnpkg.com/@esbuild/linux-ppc64/-/linux-ppc64-0.25.11.tgz#b3a28ed7cc252a61b07ff7c8fd8a984ffd3a2f74"
  integrity sha512-nbLFgsQQEsBa8XSgSTSlrnBSrpoWh7ioFDUmwo158gIm5NNP+17IYmNWzaIzWmgCxq56vfr34xGkOcZ7jX6CPw==

"@esbuild/linux-riscv64@0.25.11":
  version "0.25.11"
  resolved "https://registry.yarnpkg.com/@esbuild/linux-riscv64/-/linux-riscv64-0.25.11.tgz#ce75b08f7d871a75edcf4d2125f50b21dc9dc273"
  integrity sha512-HfyAmqZi9uBAbgKYP1yGuI7tSREXwIb438q0nqvlpxAOs3XnZ8RsisRfmVsgV486NdjD7Mw2UrFSw51lzUk1ww==

"@esbuild/linux-s390x@0.25.11":
  version "0.25.11"
  resolved "https://registry.yarnpkg.com/@esbuild/linux-s390x/-/linux-s390x-0.25.11.tgz#cd08f6c73b6b6ff9ccdaabbd3ff6ad3dca99c263"
  integrity sha512-HjLqVgSSYnVXRisyfmzsH6mXqyvj0SA7pG5g+9W7ESgwA70AXYNpfKBqh1KbTxmQVaYxpzA/SvlB9oclGPbApw==

"@esbuild/linux-x64@0.25.11":
  version "0.25.11"
  resolved "https://registry.yarnpkg.com/@esbuild/linux-x64/-/linux-x64-0.25.11.tgz#3c3718af31a95d8946ebd3c32bb1e699bdf74910"
  integrity sha512-HSFAT4+WYjIhrHxKBwGmOOSpphjYkcswF449j6EjsjbinTZbp8PJtjsVK1XFJStdzXdy/jaddAep2FGY+wyFAQ==

"@esbuild/netbsd-arm64@0.25.11":
  version "0.25.11"
  resolved "https://registry.yarnpkg.com/@esbuild/netbsd-arm64/-/netbsd-arm64-0.25.11.tgz#b4c767082401e3a4e8595fe53c47cd7f097c8077"
  integrity sha512-hr9Oxj1Fa4r04dNpWr3P8QKVVsjQhqrMSUzZzf+LZcYjZNqhA3IAfPQdEh1FLVUJSiu6sgAwp3OmwBfbFgG2Xg==

"@esbuild/netbsd-x64@0.25.11":
  version "0.25.11"
  resolved "https://registry.yarnpkg.com/@esbuild/netbsd-x64/-/netbsd-x64-0.25.11.tgz#f2a930458ed2941d1f11ebc34b9c7d61f7a4d034"
  integrity sha512-u7tKA+qbzBydyj0vgpu+5h5AeudxOAGncb8N6C9Kh1N4n7wU1Xw1JDApsRjpShRpXRQlJLb9wY28ELpwdPcZ7A==

"@esbuild/openbsd-arm64@0.25.11":
  version "0.25.11"
  resolved "https://registry.yarnpkg.com/@esbuild/openbsd-arm64/-/openbsd-arm64-0.25.11.tgz#b4ae93c75aec48bc1e8a0154957a05f0641f2dad"
  integrity sha512-Qq6YHhayieor3DxFOoYM1q0q1uMFYb7cSpLD2qzDSvK1NAvqFi8Xgivv0cFC6J+hWVw2teCYltyy9/m/14ryHg==

"@esbuild/openbsd-x64@0.25.11":
  version "0.25.11"
  resolved "https://registry.yarnpkg.com/@esbuild/openbsd-x64/-/openbsd-x64-0.25.11.tgz#b42863959c8dcf9b01581522e40012d2c70045e2"
  integrity sha512-CN+7c++kkbrckTOz5hrehxWN7uIhFFlmS/hqziSFVWpAzpWrQoAG4chH+nN3Be+Kzv/uuo7zhX716x3Sn2Jduw==

"@esbuild/openharmony-arm64@0.25.11":
  version "0.25.11"
  resolved "https://registry.yarnpkg.com/@esbuild/openharmony-arm64/-/openharmony-arm64-0.25.11.tgz#b2e717141c8fdf6bddd4010f0912e6b39e1640f1"
  integrity sha512-rOREuNIQgaiR+9QuNkbkxubbp8MSO9rONmwP5nKncnWJ9v5jQ4JxFnLu4zDSRPf3x4u+2VN4pM4RdyIzDty/wQ==

"@esbuild/sunos-x64@0.25.11":
  version "0.25.11"
  resolved "https://registry.yarnpkg.com/@esbuild/sunos-x64/-/sunos-x64-0.25.11.tgz#9fbea1febe8778927804828883ec0f6dd80eb244"
  integrity sha512-nq2xdYaWxyg9DcIyXkZhcYulC6pQ2FuCgem3LI92IwMgIZ69KHeY8T4Y88pcwoLIjbed8n36CyKoYRDygNSGhA==

"@esbuild/win32-arm64@0.25.11":
  version "0.25.11"
  resolved "https://registry.yarnpkg.com/@esbuild/win32-arm64/-/win32-arm64-0.25.11.tgz#501539cedb24468336073383989a7323005a8935"
  integrity sha512-3XxECOWJq1qMZ3MN8srCJ/QfoLpL+VaxD/WfNRm1O3B4+AZ/BnLVgFbUV3eiRYDMXetciH16dwPbbHqwe1uU0Q==

"@esbuild/win32-ia32@0.25.11":
  version "0.25.11"
  resolved "https://registry.yarnpkg.com/@esbuild/win32-ia32/-/win32-ia32-0.25.11.tgz#8ac7229aa82cef8f16ffb58f1176a973a7a15343"
  integrity sha512-3ukss6gb9XZ8TlRyJlgLn17ecsK4NSQTmdIXRASVsiS2sQ6zPPZklNJT5GR5tE/MUarymmy8kCEf5xPCNCqVOA==

"@esbuild/win32-x64@0.25.11":
  version "0.25.11"
  resolved "https://registry.yarnpkg.com/@esbuild/win32-x64/-/win32-x64-0.25.11.tgz#5ecda6f3fe138b7e456f4e429edde33c823f392f"
  integrity sha512-D7Hpz6A2L4hzsRpPaCYkQnGOotdUpDzSGRIv9I+1ITdHROSFUWW95ZPZWQmGka1Fg7W3zFJowyn9WGwMJ0+KPA==

"@prisma/config@6.18.0":
  version "6.18.0"
  resolved "https://registry.yarnpkg.com/@prisma/config/-/config-6.18.0.tgz#3f8f2eca12ceb41f81e34b186b3aa2619959086c"
  integrity sha512-rgFzspCpwsE+q3OF/xkp0fI2SJ3PfNe9LLMmuSVbAZ4nN66WfBiKqJKo/hLz3ysxiPQZf8h1SMf2ilqPMeWATQ==
  dependencies:
    c12 "3.1.0"
    deepmerge-ts "7.1.5"
    effect "3.18.4"
    empathic "2.0.0"

"@prisma/debug@6.18.0":
  version "6.18.0"
  resolved "https://registry.yarnpkg.com/@prisma/debug/-/debug-6.18.0.tgz#e0137fa407b6d10b00ba5ff6e37733341c505d9c"
  integrity sha512-PMVPMmxPj0ps1VY75DIrT430MoOyQx9hmm174k6cmLZpcI95rAPXOQ+pp8ANQkJtNyLVDxnxVJ0QLbrm/ViBcg==

"@prisma/engines-version@6.18.0-8.34b5a692b7bd79939a9a2c3ef97d816e749cda2f":
  version "6.18.0-8.34b5a692b7bd79939a9a2c3ef97d816e749cda2f"
  resolved "https://registry.yarnpkg.com/@prisma/engines-version/-/engines-version-6.18.0-8.34b5a692b7bd79939a9a2c3ef97d816e749cda2f.tgz#bc99947a00f3481679bc8ccb3ed38a15f5b3afbd"
  integrity sha512-T7Af4QsJQnSgWN1zBbX+Cha5t4qjHRxoeoWpK4JugJzG/ipmmDMY5S+O0N1ET6sCBNVkf6lz+Y+ZNO9+wFU8pQ==

"@prisma/engines@6.18.0":
  version "6.18.0"
  resolved "https://registry.yarnpkg.com/@prisma/engines/-/engines-6.18.0.tgz#e1048e6dbb491f7b6eae367ea4674f295e4bd532"
  integrity sha512-i5RzjGF/ex6AFgqEe2o1IW8iIxJGYVQJVRau13kHPYEL1Ck8Zvwuzamqed/1iIljs5C7L+Opiz5TzSsUebkriA==
  dependencies:
    "@prisma/debug" "6.18.0"
    "@prisma/engines-version" "6.18.0-8.34b5a692b7bd79939a9a2c3ef97d816e749cda2f"
    "@prisma/fetch-engine" "6.18.0"
    "@prisma/get-platform" "6.18.0"

"@prisma/fetch-engine@6.18.0":
  version "6.18.0"
  resolved "https://registry.yarnpkg.com/@prisma/fetch-engine/-/fetch-engine-6.18.0.tgz#448367111b1cff9bbf2bc906c29e8e2216d5f3c3"
  integrity sha512-TdaBvTtBwP3IoqVYoGIYpD4mWlk0pJpjTJjir/xLeNWlwog7Sl3bD2J0jJ8+5+q/6RBg+acb9drsv5W6lqae7A==
  dependencies:
    "@prisma/debug" "6.18.0"
    "@prisma/engines-version" "6.18.0-8.34b5a692b7bd79939a9a2c3ef97d816e749cda2f"
    "@prisma/get-platform" "6.18.0"

"@prisma/get-platform@6.18.0":
  version "6.18.0"
  resolved "https://registry.yarnpkg.com/@prisma/get-platform/-/get-platform-6.18.0.tgz#807bcbfd30affabafec54d128ad755850f707af2"
  integrity sha512-uXNJCJGhxTCXo2B25Ta91Rk1/Nmlqg9p7G9GKh8TPhxvAyXCvMNQoogj4JLEUy+3ku8g59cpyQIKFhqY2xO2bg==
  dependencies:
    "@prisma/debug" "6.18.0"

"@standard-schema/spec@^1.0.0":
  version "1.0.0"
  resolved "https://registry.yarnpkg.com/@standard-schema/spec/-/spec-1.0.0.tgz#f193b73dc316c4170f2e82a881da0f550d551b9c"
  integrity sha512-m2bOd0f2RT9k8QJx1JN85cZYyH1RqFBdlwtkSlf4tBDYLCiiZnv1fIIwacK6cqwXavOydf0NPToMQgpKq+dVlA==

c12@3.1.0:
  version "3.1.0"
  resolved "https://registry.yarnpkg.com/c12/-/c12-3.1.0.tgz#9e237970e1d3b74ebae51d25945cb59664c12c89"
  integrity sha512-uWoS8OU1MEIsOv8p/5a82c3H31LsWVR5qiyXVfBNOzfffjUWtPnhAb4BYI2uG2HfGmZmFjCtui5XNWaps+iFuw==
  dependencies:
    chokidar "^4.0.3"
    confbox "^0.2.2"
    defu "^6.1.4"
    dotenv "^16.6.1"
    exsolve "^1.0.7"
    giget "^2.0.0"
    jiti "^2.4.2"
    ohash "^2.0.11"
    pathe "^2.0.3"
    perfect-debounce "^1.0.0"
    pkg-types "^2.2.0"
    rc9 "^2.1.2"

chokidar@^4.0.3:
  version "4.0.3"
  resolved "https://registry.yarnpkg.com/chokidar/-/chokidar-4.0.3.tgz#7be37a4c03c9aee1ecfe862a4a23b2c70c205d30"
  integrity sha512-Qgzu8kfBvo+cA4962jnP1KkS6Dop5NS6g7R5LFYJr4b8Ub94PPQXUksCw9PvXoeXPRRddRNC5C1JQUR2SMGtnA==
  dependencies:
    readdirp "^4.0.1"

citty@^0.1.6:
  version "0.1.6"
  resolved "https://registry.yarnpkg.com/citty/-/citty-0.1.6.tgz#0f7904da1ed4625e1a9ea7e0fa780981aab7c5e4"
  integrity sha512-tskPPKEs8D2KPafUypv2gxwJP8h/OaJmC82QQGGDQcHvXX43xF2VDACcJVmZ0EuSxkpO9Kc4MlrA3q0+FG58AQ==
  dependencies:
    consola "^3.2.3"

confbox@^0.2.2:
  version "0.2.2"
  resolved "https://registry.yarnpkg.com/confbox/-/confbox-0.2.2.tgz#8652f53961c74d9e081784beed78555974a9c110"
  integrity sha512-1NB+BKqhtNipMsov4xI/NnhCKp9XG9NamYp5PVm9klAT0fsrNPjaFICsCFhNhwZJKNh7zB/3q8qXz0E9oaMNtQ==

consola@^3.2.3, consola@^3.4.0, consola@^3.4.2:
  version "3.4.2"
  resolved "https://registry.yarnpkg.com/consola/-/consola-3.4.2.tgz#5af110145397bb67afdab77013fdc34cae590ea7"
  integrity sha512-5IKcdX0nnYavi6G7TtOhwkYzyjfJlatbjMjuLSfE2kYT5pMDOilZ4OvMhi637CcDICTmz3wARPoyhqyX1Y+XvA==

deepmerge-ts@7.1.5:
  version "7.1.5"
  resolved "https://registry.yarnpkg.com/deepmerge-ts/-/deepmerge-ts-7.1.5.tgz#ff818564007f5c150808d2b7b732cac83aa415ab"
  integrity sha512-HOJkrhaYsweh+W+e74Yn7YStZOilkoPb6fycpwNLKzSPtruFs48nYis0zy5yJz1+ktUhHxoRDJ27RQAWLIJVJw==

defu@^6.1.4:
  version "6.1.4"
  resolved "https://registry.yarnpkg.com/defu/-/defu-6.1.4.tgz#4e0c9cf9ff68fe5f3d7f2765cc1a012dfdcb0479"
  integrity sha512-mEQCMmwJu317oSz8CwdIOdwf3xMif1ttiM8LTufzc3g6kR+9Pe236twL8j3IYT1F7GfRgGcW6MWxzZjLIkuHIg==

destr@^2.0.3:
  version "2.0.5"
  resolved "https://registry.yarnpkg.com/destr/-/destr-2.0.5.tgz#7d112ff1b925fb8d2079fac5bdb4a90973b51fdb"
  integrity sha512-ugFTXCtDZunbzasqBxrK93Ik/DRYsO6S/fedkWEMKqt04xZ4csmnmwGDBAb07QWNaGMAmnTIemsYZCksjATwsA==

dotenv@^16.6.1:
  version "16.6.1"
  resolved "https://registry.yarnpkg.com/dotenv/-/dotenv-16.6.1.tgz#773f0e69527a8315c7285d5ee73c4459d20a8020"
  integrity sha512-uBq4egWHTcTt33a72vpSG0z3HnPuIl6NqYcTrKEg2azoEyl2hpW0zqlxysq2pK9HlDIHyHyakeYaYnSAwd8bow==

dotenv@^17.2.3:
  version "17.2.3"
  resolved "https://registry.yarnpkg.com/dotenv/-/dotenv-17.2.3.tgz#ad995d6997f639b11065f419a22fabf567cdb9a2"
  integrity sha512-JVUnt+DUIzu87TABbhPmNfVdBDt18BLOWjMUFJMSi/Qqg7NTYtabbvSNJGOJ7afbRuv9D/lngizHtP7QyLQ+9w==

effect@3.18.4:
  version "3.18.4"
  resolved "https://registry.yarnpkg.com/effect/-/effect-3.18.4.tgz#e241fde5cc090608c51c5e29e2da357bb5d0e815"
  integrity sha512-b1LXQJLe9D11wfnOKAk3PKxuqYshQ0Heez+y5pnkd3jLj1yx9QhM72zZ9uUrOQyNvrs2GZZd/3maL0ZV18YuDA==
  dependencies:
    "@standard-schema/spec" "^1.0.0"
    fast-check "^3.23.1"

empathic@2.0.0:
  version "2.0.0"
  resolved "https://registry.yarnpkg.com/empathic/-/empathic-2.0.0.tgz#71d3c2b94fad49532ef98a6c34be0386659f6131"
  integrity sha512-i6UzDscO/XfAcNYD75CfICkmfLedpyPDdozrLMmQc5ORaQcdMoc21OnlEylMIqI7U8eniKrPMxxtj8k0vhmJhA==

esbuild@~0.25.0:
  version "0.25.11"
  resolved "https://registry.yarnpkg.com/esbuild/-/esbuild-0.25.11.tgz#0f31b82f335652580f75ef6897bba81962d9ae3d"
  integrity sha512-KohQwyzrKTQmhXDW1PjCv3Tyspn9n5GcY2RTDqeORIdIJY8yKIF7sTSopFmn/wpMPW4rdPXI0UE5LJLuq3bx0Q==
  optionalDependencies:
    "@esbuild/aix-ppc64" "0.25.11"
    "@esbuild/android-arm" "0.25.11"
    "@esbuild/android-arm64" "0.25.11"
    "@esbuild/android-x64" "0.25.11"
    "@esbuild/darwin-arm64" "0.25.11"
    "@esbuild/darwin-x64" "0.25.11"
    "@esbuild/freebsd-arm64" "0.25.11"
    "@esbuild/freebsd-x64" "0.25.11"
    "@esbuild/linux-arm" "0.25.11"
    "@esbuild/linux-arm64" "0.25.11"
    "@esbuild/linux-ia32" "0.25.11"
    "@esbuild/linux-loong64" "0.25.11"
    "@esbuild/linux-mips64el" "0.25.11"
    "@esbuild/linux-ppc64" "0.25.11"
    "@esbuild/linux-riscv64" "0.25.11"
    "@esbuild/linux-s390x" "0.25.11"
    "@esbuild/linux-x64" "0.25.11"
    "@esbuild/netbsd-arm64" "0.25.11"
    "@esbuild/netbsd-x64" "0.25.11"
    "@esbuild/openbsd-arm64" "0.25.11"
    "@esbuild/openbsd-x64" "0.25.11"
    "@esbuild/openharmony-arm64" "0.25.11"
    "@esbuild/sunos-x64" "0.25.11"
    "@esbuild/win32-arm64" "0.25.11"
    "@esbuild/win32-ia32" "0.25.11"
    "@esbuild/win32-x64" "0.25.11"

exsolve@^1.0.7:
  version "1.0.7"
  resolved "https://registry.yarnpkg.com/exsolve/-/exsolve-1.0.7.tgz#3b74e4c7ca5c5f9a19c3626ca857309fa99f9e9e"
  integrity sha512-VO5fQUzZtI6C+vx4w/4BWJpg3s/5l+6pRQEHzFRM8WFi4XffSP1Z+4qi7GbjWbvRQEbdIco5mIMq+zX4rPuLrw==

fast-check@^3.23.1:
  version "3.23.2"
  resolved "https://registry.yarnpkg.com/fast-check/-/fast-check-3.23.2.tgz#0129f1eb7e4f500f58e8290edc83c670e4a574a2"
  integrity sha512-h5+1OzzfCC3Ef7VbtKdcv7zsstUQwUDlYpUTvjeUsJAssPgLn7QzbboPtL5ro04Mq0rPOsMzl7q5hIbRs2wD1A==
  dependencies:
    pure-rand "^6.1.0"

fsevents@~2.3.3:
  version "2.3.3"
  resolved "https://registry.yarnpkg.com/fsevents/-/fsevents-2.3.3.tgz#cac6407785d03675a2a5e1a5305c697b347d90d6"
  integrity sha512-5xoDfX+fL7faATnagmWPpbFtwh/R77WmMMqqHGS65C3vvB0YHrgF+B1YmZ3441tMj5n63k0212XNoJwzlhffQw==

get-tsconfig@^4.7.5:
  version "4.13.0"
  resolved "https://registry.yarnpkg.com/get-tsconfig/-/get-tsconfig-4.13.0.tgz#fcdd991e6d22ab9a600f00e91c318707a5d9a0d7"
  integrity sha512-1VKTZJCwBrvbd+Wn3AOgQP/2Av+TfTCOlE4AcRJE72W1ksZXbAx8PPBR9RzgTeSPzlPMHrbANMH3LbltH73wxQ==
  dependencies:
    resolve-pkg-maps "^1.0.0"

giget@^2.0.0:
  version "2.0.0"
  resolved "https://registry.yarnpkg.com/giget/-/giget-2.0.0.tgz#395fc934a43f9a7a29a29d55b99f23e30c14f195"
  integrity sha512-L5bGsVkxJbJgdnwyuheIunkGatUF/zssUoxxjACCseZYAVbaqdh9Tsmmlkl8vYan09H7sbvKt4pS8GqKLBrEzA==
  dependencies:
    citty "^0.1.6"
    consola "^3.4.0"
    defu "^6.1.4"
    node-fetch-native "^1.6.6"
    nypm "^0.6.0"
    pathe "^2.0.3"

jiti@^2.4.2:
  version "2.6.1"
  resolved "https://registry.yarnpkg.com/jiti/-/jiti-2.6.1.tgz#178ef2fc9a1a594248c20627cd820187a4d78d92"
  integrity sha512-ekilCSN1jwRvIbgeg/57YFh8qQDNbwDb9xT/qu2DAHbFFZUicIl4ygVaAvzveMhMVr3LnpSKTNnwt8PoOfmKhQ==

node-fetch-native@^1.6.6:
  version "1.6.7"
  resolved "https://registry.yarnpkg.com/node-fetch-native/-/node-fetch-native-1.6.7.tgz#9d09ca63066cc48423211ed4caf5d70075d76a71"
  integrity sha512-g9yhqoedzIUm0nTnTqAQvueMPVOuIY16bqgAJJC8XOOubYFNwz6IER9qs0Gq2Xd0+CecCKFjtdDTMA4u4xG06Q==

nypm@^0.6.0:
  version "0.6.2"
  resolved "https://registry.yarnpkg.com/nypm/-/nypm-0.6.2.tgz#467512024948398fafa73cea30a3ed9efc5af071"
  integrity sha512-7eM+hpOtrKrBDCh7Ypu2lJ9Z7PNZBdi/8AT3AX8xoCj43BBVHD0hPSTEvMtkMpfs8FCqBGhxB+uToIQimA111g==
  dependencies:
    citty "^0.1.6"
    consola "^3.4.2"
    pathe "^2.0.3"
    pkg-types "^2.3.0"
    tinyexec "^1.0.1"

ohash@^2.0.11:
  version "2.0.11"
  resolved "https://registry.yarnpkg.com/ohash/-/ohash-2.0.11.tgz#60b11e8cff62ca9dee88d13747a5baa145f5900b"
  integrity sha512-RdR9FQrFwNBNXAr4GixM8YaRZRJ5PUWbKYbE5eOsrwAjJW0q2REGcf79oYPsLyskQCZG1PLN+S/K1V00joZAoQ==

pathe@^2.0.3:
  version "2.0.3"
  resolved "https://registry.yarnpkg.com/pathe/-/pathe-2.0.3.tgz#3ecbec55421685b70a9da872b2cff3e1cbed1716"
  integrity sha512-WUjGcAqP1gQacoQe+OBJsFA7Ld4DyXuUIjZ5cc75cLHvJ7dtNsTugphxIADwspS+AraAUePCKrSVtPLFj/F88w==

perfect-debounce@^1.0.0:
  version "1.0.0"
  resolved "https://registry.yarnpkg.com/perfect-debounce/-/perfect-debounce-1.0.0.tgz#9c2e8bc30b169cc984a58b7d5b28049839591d2a"
  integrity sha512-xCy9V055GLEqoFaHoC1SoLIaLmWctgCUaBaWxDZ7/Zx4CTyX7cJQLJOok/orfjZAh9kEYpjJa4d0KcJmCbctZA==

pkg-types@^2.2.0, pkg-types@^2.3.0:
  version "2.3.0"
  resolved "https://registry.yarnpkg.com/pkg-types/-/pkg-types-2.3.0.tgz#037f2c19bd5402966ff6810e32706558cb5b5726"
  integrity sha512-SIqCzDRg0s9npO5XQ3tNZioRY1uK06lA41ynBC1YmFTmnY6FjUjVt6s4LoADmwoig1qqD0oK8h1p/8mlMx8Oig==
  dependencies:
    confbox "^0.2.2"
    exsolve "^1.0.7"
    pathe "^2.0.3"

prisma@^6.18.0:
  version "6.18.0"
  resolved "https://registry.yarnpkg.com/prisma/-/prisma-6.18.0.tgz#ac6e7d2687b49a53c516d9f5a296f7d0cb5664ea"
  integrity sha512-bXWy3vTk8mnRmT+SLyZBQoC2vtV9Z8u7OHvEu+aULYxwiop/CPiFZ+F56KsNRNf35jw+8wcu8pmLsjxpBxAO9g==
  dependencies:
    "@prisma/config" "6.18.0"
    "@prisma/engines" "6.18.0"

pure-rand@^6.1.0:
  version "6.1.0"
  resolved "https://registry.yarnpkg.com/pure-rand/-/pure-rand-6.1.0.tgz#d173cf23258231976ccbdb05247c9787957604f2"
  integrity sha512-bVWawvoZoBYpp6yIoQtQXHZjmz35RSVHnUOTefl8Vcjr8snTPY1wnpSPMWekcFwbxI6gtmT7rSYPFvz71ldiOA==

rc9@^2.1.2:
  version "2.1.2"
  resolved "https://registry.yarnpkg.com/rc9/-/rc9-2.1.2.tgz#6282ff638a50caa0a91a31d76af4a0b9cbd1080d"
  integrity sha512-btXCnMmRIBINM2LDZoEmOogIZU7Qe7zn4BpomSKZ/ykbLObuBdvG+mFq11DL6fjH1DRwHhrlgtYWG96bJiC7Cg==
  dependencies:
    defu "^6.1.4"
    destr "^2.0.3"

readdirp@^4.0.1:
  version "4.1.2"
  resolved "https://registry.yarnpkg.com/readdirp/-/readdirp-4.1.2.tgz#eb85801435fbf2a7ee58f19e0921b068fc69948d"
  integrity sha512-GDhwkLfywWL2s6vEjyhri+eXmfH6j1L7JE27WhqLeYzoh/A3DBaYGEj2H/HFZCn/kMfim73FXxEJTw06WtxQwg==

resolve-pkg-maps@^1.0.0:
  version "1.0.0"
  resolved "https://registry.yarnpkg.com/resolve-pkg-maps/-/resolve-pkg-maps-1.0.0.tgz#616b3dc2c57056b5588c31cdf4b3d64db133720f"
  integrity sha512-seS2Tj26TBVOC2NIc2rOe2y2ZO7efxITtLZcGSOnHHNOQ7CkiUBfw0Iw2ck6xkIhPwLhKNLS8BO+hEpngQlqzw==

tinyexec@^1.0.1:
  version "1.0.1"
  resolved "https://registry.yarnpkg.com/tinyexec/-/tinyexec-1.0.1.tgz#70c31ab7abbb4aea0a24f55d120e5990bfa1e0b1"
  integrity sha512-5uC6DDlmeqiOwCPmK9jMSdOuZTh8bU39Ys6yidB+UTt5hfZUPGAypSgFRiEp+jbi9qH40BLDvy85jIU88wKSqw==

tsx@^4.19.2:
  version "4.20.6"
  resolved "https://registry.yarnpkg.com/tsx/-/tsx-4.20.6.tgz#8fb803fd9c1f70e8ccc93b5d7c5e03c3979ccb2e"
  integrity sha512-ytQKuwgmrrkDTFP4LjR0ToE2nqgy886GpvRSpU0JAnrdBYppuY5rLkRUYPU1yCryb24SsKBTL/hlDQAEFVwtZg==
  dependencies:
    esbuild "~0.25.0"
    get-tsconfig "^4.7.5"
  optionalDependencies:
    fsevents "~2.3.3"

zod@^4.1.12:
  version "4.1.12"
  resolved "https://registry.yarnpkg.com/zod/-/zod-4.1.12.tgz#64f1ea53d00eab91853195653b5af9eee68970f0"
  integrity sha512-JInaHOamG8pt5+Ey8kGmdcAcg3OL9reK8ltczgHTAwNhMys/6ThXHityHxVV2p3fkw/c+MAvBHFVYHFZDmjMCQ==
